
Microsoft Visual Studio Solution File, Format Version 12.00
# Visual Studio Version 17
VisualStudioVersion = 17.3.32929.385
MinimumVisualStudioVersion = 10.0.40219.1
Project("{FAE04EC0-301F-11D3-BF4B-00C04F79EFBC}") = "ToDoList", "ToDoList\ToDoList.csproj", "{D85844CD-F270-44EF-9B5E-6B24D0213081}"
EndProject
Global
	GlobalSection(SolutionConfigurationPlatforms) = preSolution
		Debug|Any CPU = Debug|Any CPU
		Release|Any CPU = Release|Any CPU
	EndGlobalSection
	GlobalSection(ProjectConfigurationPlatforms) = postSolution
		{D85844CD-F270-44EF-9B5E-6B24D0213081}.Debug|Any CPU.ActiveCfg = Debug|Any CPU
		{D85844CD-F270-44EF-9B5E-6B24D0213081}.Debug|Any CPU.Build.0 = Debug|Any CPU
		{D85844CD-F270-44EF-9B5E-6B24D0213081}.Release|Any CPU.ActiveCfg = Release|Any CPU
		{D85844CD-F270-44EF-9B5E-6B24D0213081}.Release|Any CPU.Build.0 = Release|Any CPU
	EndGlobalSection
	GlobalSection(SolutionProperties) = preSolution
		HideSolutionNode = FALSE
	EndGlobalSection
	GlobalSection(ExtensibilityGlobals) = postSolution
		SolutionGuid = {38004730-5A77-4376-B848-43C9CEE37426}
	EndGlobalSection
EndGlobal
